
Microsoft Visual Studio Solution File, Format Version 12.00
# Visual Studio Version 17
VisualStudioVersion = 17.13.35825.156 d17.13
MinimumVisualStudioVersion = 10.0.40219.1
Project("{FAE04EC0-301F-11D3-BF4B-00C04F79EFBC}") = "QMS", "QMS.csproj", "{08A8DE0A-D8E1-6486-719D-3D48BC155EDB}"
EndProject
Global
	GlobalSection(SolutionConfigurationPlatforms) = preSolution
		Debug|Any CPU = Debug|Any CPU
		Release|Any CPU = Release|Any CPU
	EndGlobalSection
	GlobalSection(ProjectConfigurationPlatforms) = postSolution
		{08A8DE0A-D8E1-6486-719D-3D48BC155EDB}.Debug|Any CPU.ActiveCfg = Debug|Any CPU
		{08A8DE0A-D8E1-6486-719D-3D48BC155EDB}.Debug|Any CPU.Build.0 = Debug|Any CPU
		{08A8DE0A-D8E1-6486-719D-3D48BC155EDB}.Release|Any CPU.ActiveCfg = Release|Any CPU
		{08A8DE0A-D8E1-6486-719D-3D48BC155EDB}.Release|Any CPU.Build.0 = Release|Any CPU
	EndGlobalSection
	GlobalSection(SolutionProperties) = preSolution
		HideSolutionNode = FALSE
	EndGlobalSection
	GlobalSection(ExtensibilityGlobals) = postSolution
		SolutionGuid = {731DA9D2-A76A-4CDB-A37D-1AFCFD1F640F}
	EndGlobalSection
EndGlobal
